github.com/honeybearfolio/docs v0.0.0-20260128175106-9f27140bf547 h1:eqGl4nIbzDDwy79ednBN3bn6S3xg/VBmLgiuw7XdFbg=
github.com/honeybearfolio/docs v0.0.0-20260128175106-9f27140bf547/go.mod h1:ODg3iD0vt4jD/VfIMB4u9eqPvqS/NHb0JaUODfA8B0M=
github.com/honeybearfolio/docs v0.0.0-20260203213139-b123f4588dd2 h1:UgJ3jJYk3YkHYwUUCYd1IQ42FoFAuvFeFCAysBk0+/k=
github.com/honeybearfolio/docs v0.0.0-20260203213139-b123f4588dd2/go.mod h1:ODg3iD0vt4jD/VfIMB4u9eqPvqS/NHb0JaUODfA8B0M=
github.com/honeybearfolio/docs v0.0.0-20260203214656-3b0c73ac3d7e h1:TCfZZIehLbawTm77hIyYj8/Zk+xefkrB10+b3rIfZ3A=
github.com/honeybearfolio/docs v0.0.0-20260203214656-3b0c73ac3d7e/go.mod h1:ODg3iD0vt4jD/VfIMB4u9eqPvqS/NHb0JaUODfA8B0M=
github.com/honeybearfolio/docs v0.0.0-20260203215409-55c7297e69b8 h1:sJvI3wChpzvfXVMeB1knjggIunAb0dUS0+t8xG9PJ/w=
github.com/honeybearfolio/docs v0.0.0-20260203215409-55c7297e69b8/go.mod h1:ODg3iD0vt4jD/VfIMB4u9eqPvqS/NHb0JaUODfA8B0M=
github.com/honeybearfolio/docs v0.0.0-20260203220207-fa958d04e12c h1:6vutLfGysVzohhtgSHZkhsaY2aIoVMEgcKfmp5sx38k=
github.com/honeybearfolio/docs v0.0.0-20260203220207-fa958d04e12c/go.mod h1:ODg3iD0vt4jD/VfIMB4u9eqPvqS/NHb0JaUODfA8B0M=
github.com/honeybearfolio/docs v0.0.0-20260203220446-b110761e3be1 h1:lZaExoY+h+rUqPOVHDs22Wra+NLfWQmD6PYa4y98HhA=
github.com/honeybearfolio/docs v0.0.0-20260203220446-b110761e3be1/go.mod h1:ODg3iD0vt4jD/VfIMB4u9eqPvqS/NHb0JaUODfA8B0M=
